
Microsoft Visual Studio Solution File, Format Version 12.00
# Visual Studio Version 17
VisualStudioVersion = 17.9.34728.123
MinimumVisualStudioVersion = 10.0.40219.1
Project("{8BC9CEB8-8B4A-11D0-8D11-00A0C91BC942}") = "(A) Program Code", "(A) Program Code.vcxproj", "{D68EAE94-FD9C-4873-8B55-8D9912AA3CCB}"
EndProject
Global
	GlobalSection(SolutionConfigurationPlatforms) = preSolution
		Debug|x64 = Debug|x64
		Debug|x86 = Debug|x86
		Release|x64 = Release|x64
		Release|x86 = Release|x86
	EndGlobalSection
	GlobalSection(ProjectConfigurationPlatforms) = postSolution
		{D68EAE94-FD9C-4873-8B55-8D9912AA3CCB}.Debug|x64.ActiveCfg = Debug|x64
		{D68EAE94-FD9C-4873-8B55-8D9912AA3CCB}.Debug|x64.Build.0 = Debug|x64
		{D68EAE94-FD9C-4873-8B55-8D9912AA3CCB}.Debug|x86.ActiveCfg = Debug|Win32
		{D68EAE94-FD9C-4873-8B55-8D9912AA3CCB}.Debug|x86.Build.0 = Debug|Win32
		{D68EAE94-FD9C-4873-8B55-8D9912AA3CCB}.Release|x64.ActiveCfg = Release|x64
		{D68EAE94-FD9C-4873-8B55-8D9912AA3CCB}.Release|x64.Build.0 = Release|x64
		{D68EAE94-FD9C-4873-8B55-8D9912AA3CCB}.Release|x86.ActiveCfg = Release|Win32
		{D68EAE94-FD9C-4873-8B55-8D9912AA3CCB}.Release|x86.Build.0 = Release|Win32
	EndGlobalSection
	GlobalSection(SolutionProperties) = preSolution
		HideSolutionNode = FALSE
	EndGlobalSection
	GlobalSection(ExtensibilityGlobals) = postSolution
		SolutionGuid = {6D305B3A-2EAD-42BE-A2D2-93ED270FEE07}
	EndGlobalSection
EndGlobal
